
Microsoft Visual Studio Solution File, Format Version 12.00
# Visual Studio Version 17
VisualStudioVersion = 17.3.32929.385
MinimumVisualStudioVersion = 10.0.40219.1
Project("{FAE04EC0-301F-11D3-BF4B-00C04F79EFBC}") = "SAlab4", "SAlab4\SAlab4.csproj", "{9594D7FF-DA87-422B-A49B-34734D45AB28}"
EndProject
Global
	GlobalSection(SolutionConfigurationPlatforms) = preSolution
		Debug|Any CPU = Debug|Any CPU
		Release|Any CPU = Release|Any CPU
	EndGlobalSection
	GlobalSection(ProjectConfigurationPlatforms) = postSolution
		{9594D7FF-DA87-422B-A49B-34734D45AB28}.Debug|Any CPU.ActiveCfg = Debug|Any CPU
		{9594D7FF-DA87-422B-A49B-34734D45AB28}.Debug|Any CPU.Build.0 = Debug|Any CPU
		{9594D7FF-DA87-422B-A49B-34734D45AB28}.Release|Any CPU.ActiveCfg = Release|Any CPU
		{9594D7FF-DA87-422B-A49B-34734D45AB28}.Release|Any CPU.Build.0 = Release|Any CPU
	EndGlobalSection
	GlobalSection(SolutionProperties) = preSolution
		HideSolutionNode = FALSE
	EndGlobalSection
	GlobalSection(ExtensibilityGlobals) = postSolution
		SolutionGuid = {D827CB73-8ABB-49C5-B724-B0EE985513CF}
	EndGlobalSection
EndGlobal
